github.com/a-h/templ v0.2.305-0.20230627190524-6d8379950cb2 h1:WEQ1jtqYw9wfi/paPQcNlDYdKyPkgmJukIeN/uGdJzQ=
github.com/a-h/templ v0.2.305-0.20230627190524-6d8379950cb2/go.mod h1:3oc37WS5rpDvFGi6yeknvTKt50xCu67ywQsM43Wr4PU=
github.com/a-h/templ v0.2.747 h1:D0dQ2lxC3W7Dxl6fxQ/1zZHBQslSkTSvl5FxP/CfdKg=
github.com/a-h/templ v0.2.747/go.mod h1:69ObQIbrcuwPCU32ohNaWce3Cb7qM5GMiqN1K+2yop4=
